// !$*UTF8*$!
{
	archiveVersion = 1;
	classes = {
	};
	objectVersion = 55;
	objects = {

/* Begin PBXBuildFile section */
		C9CF8A8D285384D300CFA29E /* AppDelegate.swift in Sources */ = {isa = PBXBuildFile; fileRef = C9CF8A8C285384D300CFA29E /* AppDelegate.swift */; };
		C9CF8A8F285384D300CFA29E /* SceneDelegate.swift in Sources */ = {isa = PBXBuildFile; fileRef = C9CF8A8E285384D300CFA29E /* SceneDelegate.swift */; };
		C9CF8A91285384D300CFA29E /* ContactsViewController.swift in Sources */ = {isa = PBXBuildFile; fileRef = C9CF8A90285384D300CFA29E /* ContactsViewController.swift */; };
		C9CF8A94285384D300CFA29E /* Main.storyboard in Resources */ = {isa = PBXBuildFile; fileRef = C9CF8A92285384D300CFA29E /* Main.storyboard */; };
		C9CF8A96285384DA00CFA29E /* Assets.xcassets in Resources */ = {isa = PBXBuildFile; fileRef = C9CF8A95285384DA00CFA29E /* Assets.xcassets */; };
		C9CF8A99285384DA00CFA29E /* LaunchScreen.storyboard in Resources */ = {isa = PBXBuildFile; fileRef = C9CF8A97285384DA00CFA29E /* LaunchScreen.storyboard */; };
		C9CF8AA12853A69100CFA29E /* SecondContactsViewController.swift in Sources */ = {isa = PBXBuildFile; fileRef = C9CF8AA02853A69100CFA29E /* SecondContactsViewController.swift */; };
		C9CF8AA32853CF1500CFA29E /* Person.swift in Sources */ = {isa = PBXBuildFile; fileRef = C9CF8AA22853CF1400CFA29E /* Person.swift */; };
		C9CF8AA52853D24400CFA29E /* DataManager.swift in Sources */ = {isa = PBXBuildFile; fileRef = C9CF8AA42853D24400CFA29E /* DataManager.swift */; };
		C9CF8AA7285485F300CFA29E /* PersonDetailsViewController.swift in Sources */ = {isa = PBXBuildFile; fileRef = C9CF8AA6285485F300CFA29E /* PersonDetailsViewController.swift */; };
		C9CF8AAD2855FC5200CFA29E /* TabBarViewController.swift in Sources */ = {isa = PBXBuildFile; fileRef = C9CF8AAC2855FC5200CFA29E /* TabBarViewController.swift */; };
/* End PBXBuildFile section */

/* Begin PBXFileReference section */
		C9CF8A89285384D200CFA29E /* HW_2.7_PersonsList.app */ = {isa = PBXFileReference; explicitFileType = wrapper.application; includeInIndex = 0; path = HW_2.7_PersonsList.app; sourceTree = BUILT_PRODUCTS_DIR; };
		C9CF8A8C285384D300CFA29E /* AppDelegate.swift */ = {isa = PBXFileReference; lastKnownFileType = sourcecode.swift; path = AppDelegate.swift; sourceTree = "<group>"; };
		C9CF8A8E285384D300CFA29E /* SceneDelegate.swift */ = {isa = PBXFileReference; lastKnownFileType = sourcecode.swift; path = SceneDelegate.swift; sourceTree = "<group>"; };
		C9CF8A90285384D300CFA29E /* ContactsViewController.swift */ = {isa = PBXFileReference; lastKnownFileType = sourcecode.swift; path = ContactsViewController.swift; sourceTree = "<group>"; };
		C9CF8A93285384D300CFA29E /* Base */ = {isa = PBXFileReference; lastKnownFileType = file.storyboard; name = Base; path = Base.lproj/Main.storyboard; sourceTree = "<group>"; };
		C9CF8A95285384DA00CFA29E /* Assets.xcassets */ = {isa = PBXFileReference; lastKnownFileType = folder.assetcatalog; path = Assets.xcassets; sourceTree = "<group>"; };
		C9CF8A98285384DA00CFA29E /* Base */ = {isa = PBXFileReference; lastKnownFileType = file.storyboard; name = Base; path = Base.lproj/LaunchScreen.storyboard; sourceTree = "<group>"; };
		C9CF8A9A285384DA00CFA29E /* Info.plist */ = {isa = PBXFileReference; lastKnownFileType = text.plist.xml; path = Info.plist; sourceTree = "<group>"; };
		C9CF8AA02853A69100CFA29E /* SecondContactsViewController.swift */ = {isa = PBXFileReference; lastKnownFileType = sourcecode.swift; path = SecondContactsViewController.swift; sourceTree = "<group>"; };
		C9CF8AA22853CF1400CFA29E /* Person.swift */ = {isa = PBXFileReference; lastKnownFileType = sourcecode.swift; path = Person.swift; sourceTree = "<group>"; };
		C9CF8AA42853D24400CFA29E /* DataManager.swift */ = {isa = PBXFileReference; lastKnownFileType = sourcecode.swift; path = DataManager.swift; sourceTree = "<group>"; };
		C9CF8AA6285485F300CFA29E /* PersonDetailsViewController.swift */ = {isa = PBXFileReference; lastKnownFileType = sourcecode.swift; path = PersonDetailsViewController.swift; sourceTree = "<group>"; };
		C9CF8AAC2855FC5200CFA29E /* TabBarViewController.swift */ = {isa = PBXFileReference; lastKnownFileType = sourcecode.swift; path = TabBarViewController.swift; sourceTree = "<group>"; };
/* End PBXFileReference section */

/* Begin PBXFrameworksBuildPhase section */
		C9CF8A86285384D200CFA29E /* Frameworks */ = {
			isa = PBXFrameworksBuildPhase;
			buildActionMask = 2147483647;
			files = (
			);
			runOnlyForDeploymentPostprocessing = 0;
		};
/* End PBXFrameworksBuildPhase section */

/* Begin PBXGroup section */
		C9CF8A80285384D200CFA29E = {
			isa = PBXGroup;
			children = (
				C9CF8A8B285384D200CFA29E /* HW_2.7_PersonsList */,
				C9CF8A8A285384D200CFA29E /* Products */,
			);
			sourceTree = "<group>";
		};
		C9CF8A8A285384D200CFA29E /* Products */ = {
			isa = PBXGroup;
			children = (
				C9CF8A89285384D200CFA29E /* HW_2.7_PersonsList.app */,
			);
			name = Products;
			sourceTree = "<group>";
		};
		C9CF8A8B285384D200CFA29E /* HW_2.7_PersonsList */ = {
			isa = PBXGroup;
			children = (
				C9CF8AAC2855FC5200CFA29E /* TabBarViewController.swift */,
				C9CF8A90285384D300CFA29E /* ContactsViewController.swift */,
				C9CF8AA02853A69100CFA29E /* SecondContactsViewController.swift */,
				C9CF8AA6285485F300CFA29E /* PersonDetailsViewController.swift */,
				C9CF8AA42853D24400CFA29E /* DataManager.swift */,
				C9CF8AA22853CF1400CFA29E /* Person.swift */,
				C9CF8A92285384D300CFA29E /* Main.storyboard */,
				C9CF8A97285384DA00CFA29E /* LaunchScreen.storyboard */,
				C9CF8A95285384DA00CFA29E /* Assets.xcassets */,
				C9CF8A8C285384D300CFA29E /* AppDelegate.swift */,
				C9CF8A8E285384D300CFA29E /* SceneDelegate.swift */,
				C9CF8A9A285384DA00CFA29E /* Info.plist */,
			);
			path = HW_2.7_PersonsList;
			sourceTree = "<group>";
		};
/* End PBXGroup section */

/* Begin PBXNativeTarget section */
		C9CF8A88285384D200CFA29E /* HW_2.7_PersonsList */ = {
			isa = PBXNativeTarget;
			buildConfigurationList = C9CF8A9D285384DA00CFA29E /* Build configuration list for PBXNativeTarget "HW_2.7_PersonsList" */;
			buildPhases = (
				C9CF8A85285384D200CFA29E /* Sources */,
				C9CF8A86285384D200CFA29E /* Frameworks */,
				C9CF8A87285384D200CFA29E /* Resources */,
			);
			buildRules = (
			);
			dependencies = (
			);
			name = HW_2.7_PersonsList;
			productName = HW_2.7_PersonsList;
			productReference = C9CF8A89285384D200CFA29E /* HW_2.7_PersonsList.app */;
			productType = "com.apple.product-type.application";
		};
/* End PBXNativeTarget section */

/* Begin PBXProject section */
		C9CF8A81285384D200CFA29E /* Project object */ = {
			isa = PBXProject;
			attributes = {
				BuildIndependentTargetsInParallel = 1;
				LastSwiftUpdateCheck = 1320;
				LastUpgradeCheck = 1320;
				TargetAttributes = {
					C9CF8A88285384D200CFA29E = {
						CreatedOnToolsVersion = 13.2.1;
					};
				};
			};
			buildConfigurationList = C9CF8A84285384D200CFA29E /* Build configuration list for PBXProject "HW_2.7_PersonsList" */;
			compatibilityVersion = "Xcode 13.0";
			developmentRegion = en;
			hasScannedForEncodings = 0;
			knownRegions = (
				en,
				Base,
			);
			mainGroup = C9CF8A80285384D200CFA29E;
			productRefGroup = C9CF8A8A285384D200CFA29E /* Products */;
			projectDirPath = "";
			projectRoot = "";
			targets = (
				C9CF8A88285384D200CFA29E /* HW_2.7_PersonsList */,
			);
		};
/* End PBXProject section */

/* Begin PBXResourcesBuildPhase section */
		C9CF8A87285384D200CFA29E /* Resources */ = {
			isa = PBXResourcesBuildPhase;
			buildActionMask = 2147483647;
			files = (
				C9CF8A99285384DA00CFA29E /* LaunchScreen.storyboard in Resources */,
				C9CF8A96285384DA00CFA29E /* Assets.xcassets in Resources */,
				C9CF8A94285384D300CFA29E /* Main.storyboard in Resources */,
			);
			runOnlyForDeploymentPostprocessing = 0;
		};
/* End PBXResourcesBuildPhase section */

/* Begin PBXSourcesBuildPhase section */
		C9CF8A85285384D200CFA29E /* Sources */ = {
			isa = PBXSourcesBuildPhase;
			buildActionMask = 2147483647;
			files = (
				C9CF8AA32853CF1500CFA29E /* Person.swift in Sources */,
				C9CF8A91285384D300CFA29E /* ContactsViewController.swift in Sources */,
				C9CF8AA52853D24400CFA29E /* DataManager.swift in Sources */,
				C9CF8A8D285384D300CFA29E /* AppDelegate.swift in Sources */,
				C9CF8AAD2855FC5200CFA29E /* TabBarViewController.swift in Sources */,
				C9CF8A8F285384D300CFA29E /* SceneDelegate.swift in Sources */,
				C9CF8AA12853A69100CFA29E /* SecondContactsViewController.swift in Sources */,
				C9CF8AA7285485F300CFA29E /* PersonDetailsViewController.swift in Sources */,
			);
			runOnlyForDeploymentPostprocessing = 0;
		};
/* End PBXSourcesBuildPhase section */

/* Begin PBXVariantGroup section */
		C9CF8A92285384D300CFA29E /* Main.storyboard */ = {
			isa = PBXVariantGroup;
			children = (
				C9CF8A93285384D300CFA29E /* Base */,
			);
			name = Main.storyboard;
			sourceTree = "<group>";
		};
		C9CF8A97285384DA00CFA29E /* LaunchScreen.storyboard */ = {
			isa = PBXVariantGroup;
			children = (
				C9CF8A98285384DA00CFA29E /* Base */,
			);
			name = LaunchScreen.storyboard;
			sourceTree = "<group>";
		};
/* End PBXVariantGroup section */

/* Begin XCBuildConfiguration section */
		C9CF8A9B285384DA00CFA29E /* Debug */ = {
			isa = XCBuildConfiguration;
			buildSettings = {
				ALWAYS_SEARCH_USER_PATHS = NO;
				CLANG_ANALYZER_NONNULL = YES;
				CLANG_ANALYZER_NUMBER_OBJECT_CONVERSION = YES_AGGRESSIVE;
				CLANG_CXX_LANGUAGE_STANDARD = "gnu++17";
				CLANG_CXX_LIBRARY = "libc++";
				CLANG_ENABLE_MODULES = YES;
				CLANG_ENABLE_OBJC_ARC = YES;
				CLANG_ENABLE_OBJC_WEAK = YES;
				CLANG_WARN_BLOCK_CAPTURE_AUTORELEASING = YES;
				CLANG_WARN_BOOL_CONVERSION = YES;
				CLANG_WARN_COMMA = YES;
				CLANG_WARN_CONSTANT_CONVERSION = YES;
				CLANG_WARN_DEPRECATED_OBJC_IMPLEMENTATIONS = YES;
				CLANG_WARN_DIRECT_OBJC_ISA_USAGE = YES_ERROR;
				CLANG_WARN_DOCUMENTATION_COMMENTS = YES;
				CLANG_WARN_EMPTY_BODY = YES;
				CLANG_WARN_ENUM_CONVERSION = YES;
				CLANG_WARN_INFINITE_RECURSION = YES;
				CLANG_WARN_INT_CONVERSION = YES;
				CLANG_WARN_NON_LITERAL_NULL_CONVERSION = YES;
				CLANG_WARN_OBJC_IMPLICIT_RETAIN_SELF = YES;
				CLANG_WARN_OBJC_LITERAL_CONVERSION = YES;
				CLANG_WARN_OBJC_ROOT_CLASS = YES_ERROR;
				CLANG_WARN_QUOTED_INCLUDE_IN_FRAMEWORK_HEADER = YES;
				CLANG_WARN_RANGE_LOOP_ANALYSIS = YES;
				CLANG_WARN_STRICT_PROTOTYPES = YES;
				CLANG_WARN_SUSPICIOUS_MOVE = YES;
				CLANG_WARN_UNGUARDED_AVAILABILITY = YES_AGGRESSIVE;
				CLANG_WARN_UNREACHABLE_CODE = YES;
				CLANG_WARN__DUPLICATE_METHOD_MATCH = YES;
				COPY_PHASE_STRIP = NO;
				DEBUG_INFORMATION_FORMAT = dwarf;
				ENABLE_STRICT_OBJC_MSGSEND = YES;
				ENABLE_TESTABILITY = YES;
				GCC_C_LANGUAGE_STANDARD = gnu11;
				GCC_DYNAMIC_NO_PIC = NO;
				GCC_NO_COMMON_BLOCKS = YES;
				GCC_OPTIMIZATION_LEVEL = 0;
				GCC_PREPROCESSOR_DEFINITIONS = (
					"DEBUG=1",
					"$(inherited)",
				);
				GCC_WARN_64_TO_32_BIT_CONVERSION = YES;
				GCC_WARN_ABOUT_RETURN_TYPE = YES_ERROR;
				GCC_WARN_UNDECLARED_SELECTOR = YES;
				GCC_WARN_UNINITIALIZED_AUTOS = YES_AGGRESSIVE;
				GCC_WARN_UNUSED_FUNCTION = YES;
				GCC_WARN_UNUSED_VARIABLE = YES;
				IPHONEOS_DEPLOYMENT_TARGET = 15.2;
				MTL_ENABLE_DEBUG_INFO = INCLUDE_SOURCE;
				MTL_FAST_MATH = YES;
				ONLY_ACTIVE_ARCH = YES;
				SDKROOT = iphoneos;
				SWIFT_ACTIVE_COMPILATION_CONDITIONS = DEBUG;
				SWIFT_OPTIMIZATION_LEVEL = "-Onone";
			};
			name = Debug;
		};
		C9CF8A9C285384DA00CFA29E /* Release */ = {
			isa = XCBuildConfiguration;
			buildSettings = {
				ALWAYS_SEARCH_USER_PATHS = NO;
				CLANG_ANALYZER_NONNULL = YES;
				CLANG_ANALYZER_NUMBER_OBJECT_CONVERSION = YES_AGGRESSIVE;
				CLANG_CXX_LANGUAGE_STANDARD = "gnu++17";
				CLANG_CXX_LIBRARY = "libc++";
				CLANG_ENABLE_MODULES = YES;
				CLANG_ENABLE_OBJC_ARC = YES;
				CLANG_ENABLE_OBJC_WEAK = YES;
				CLANG_WARN_BLOCK_CAPTURE_AUTORELEASING = YES;
				CLANG_WARN_BOOL_CONVERSION = YES;
				CLANG_WARN_COMMA = YES;
				CLANG_WARN_CONSTANT_CONVERSION = YES;
				CLANG_WARN_DEPRECATED_OBJC_IMPLEMENTATIONS = YES;
				CLANG_WARN_DIRECT_OBJC_ISA_USAGE = YES_ERROR;
				CLANG_WARN_DOCUMENTATION_COMMENTS = YES;
				CLANG_WARN_EMPTY_BODY = YES;
				CLANG_WARN_ENUM_CONVERSION = YES;
				CLANG_WARN_INFINITE_RECURSION = YES;
				CLANG_WARN_INT_CONVERSION = YES;
				CLANG_WARN_NON_LITERAL_NULL_CONVERSION = YES;
				CLANG_WARN_OBJC_IMPLICIT_RETAIN_SELF = YES;
				CLANG_WARN_OBJC_LITERAL_CONVERSION = YES;
				CLANG_WARN_OBJC_ROOT_CLASS = YES_ERROR;
				CLANG_WARN_QUOTED_INCLUDE_IN_FRAMEWORK_HEADER = YES;
				CLANG_WARN_RANGE_LOOP_ANALYSIS = YES;
				CLANG_WARN_STRICT_PROTOTYPES = YES;
				CLANG_WARN_SUSPICIOUS_MOVE = YES;
				CLANG_WARN_UNGUARDED_AVAILABILITY = YES_AGGRESSIVE;
				CLANG_WARN_UNREACHABLE_CODE = YES;
				CLANG_WARN__DUPLICATE_METHOD_MATCH = YES;
				COPY_PHASE_STRIP = NO;
				DEBUG_INFORMATION_FORMAT = "dwarf-with-dsym";
				ENABLE_NS_ASSERTIONS = NO;
				ENABLE_STRICT_OBJC_MSGSEND = YES;
				GCC_C_LANGUAGE_STANDARD = gnu11;
				GCC_NO_COMMON_BLOCKS = YES;
				GCC_WARN_64_TO_32_BIT_CONVERSION = YES;
				GCC_WARN_ABOUT_RETURN_TYPE = YES_ERROR;
				GCC_WARN_UNDECLARED_SELECTOR = YES;
				GCC_WARN_UNINITIALIZED_AUTOS = YES_AGGRESSIVE;
				GCC_WARN_UNUSED_FUNCTION = YES;
				GCC_WARN_UNUSED_VARIABLE = YES;
				IPHONEOS_DEPLOYMENT_TARGET = 15.2;
				MTL_ENABLE_DEBUG_INFO = NO;
				MTL_FAST_MATH = YES;
				SDKROOT = iphoneos;
				SWIFT_COMPILATION_MODE = wholemodule;
				SWIFT_OPTIMIZATION_LEVEL = "-O";
				VALIDATE_PRODUCT = YES;
			};
			name = Release;
		};
		C9CF8A9E285384DA00CFA29E /* Debug */ = {
			isa = XCBuildConfiguration;
			buildSettings = {
				ASSETCATALOG_COMPILER_APPICON_NAME = AppIcon;
				ASSETCATALOG_COMPILER_GLOBAL_ACCENT_COLOR_NAME = AccentColor;
				CODE_SIGN_STYLE = Automatic;
				CURRENT_PROJECT_VERSION = 1;
				GENERATE_INFOPLIST_FILE = YES;
				INFOPLIST_FILE = HW_2.7_PersonsList/Info.plist;
				INFOPLIST_KEY_UIApplicationSupportsIndirectInputEvents = YES;
				INFOPLIST_KEY_UILaunchStoryboardName = LaunchScreen;
				INFOPLIST_KEY_UIMainStoryboardFile = Main;
				INFOPLIST_KEY_UISupportedInterfaceOrientations_iPad = "UIInterfaceOrientationPortrait UIInterfaceOrientationPortraitUpsideDown UIInterfaceOrientationLandscapeLeft UIInterfaceOrientationLandscapeRight";
				INFOPLIST_KEY_UISupportedInterfaceOrientations_iPhone = "UIInterfaceOrientationPortrait UIInterfaceOrientationLandscapeLeft UIInterfaceOrientationLandscapeRight";
				LD_RUNPATH_SEARCH_PATHS = (
					"$(inherited)",
					"@executable_path/Frameworks",
				);
				MARKETING_VERSION = 1.0;
				PRODUCT_BUNDLE_IDENTIFIER = "com.VTL.HW-2-7-PersonsList";
				PRODUCT_NAME = "$(TARGET_NAME)";
				SWIFT_EMIT_LOC_STRINGS = YES;
				SWIFT_VERSION = 5.0;
				TARGETED_DEVICE_FAMILY = 1;
			};
			name = Debug;
		};
		C9CF8A9F285384DA00CFA29E /* Release */ = {
			isa = XCBuildConfiguration;
			buildSettings = {
				ASSETCATALOG_COMPILER_APPICON_NAME = AppIcon;
				ASSETCATALOG_COMPILER_GLOBAL_ACCENT_COLOR_NAME = AccentColor;
				CODE_SIGN_STYLE = Automatic;
				CURRENT_PROJECT_VERSION = 1;
				GENERATE_INFOPLIST_FILE = YES;
				INFOPLIST_FILE = HW_2.7_PersonsList/Info.plist;
				INFOPLIST_KEY_UIApplicationSupportsIndirectInputEvents = YES;
				INFOPLIST_KEY_UILaunchStoryboardName = LaunchScreen;
				INFOPLIST_KEY_UIMainStoryboardFile = Main;
				INFOPLIST_KEY_UISupportedInterfaceOrientations_iPad = "UIInterfaceOrientationPortrait UIInterfaceOrientationPortraitUpsideDown UIInterfaceOrientationLandscapeLeft UIInterfaceOrientationLandscapeRight";
				INFOPLIST_KEY_UISupportedInterfaceOrientations_iPhone = "UIInterfaceOrientationPortrait UIInterfaceOrientationLandscapeLeft UIInterfaceOrientationLandscapeRight";
				LD_RUNPATH_SEARCH_PATHS = (
					"$(inherited)",
					"@executable_path/Frameworks",
				);
				MARKETING_VERSION = 1.0;
				PRODUCT_BUNDLE_IDENTIFIER = "com.VTL.HW-2-7-PersonsList";
				PRODUCT_NAME = "$(TARGET_NAME)";
				SWIFT_EMIT_LOC_STRINGS = YES;
				SWIFT_VERSION = 5.0;
				TARGETED_DEVICE_FAMILY = 1;
			};
			name = Release;
		};
/* End XCBuildConfiguration section */

/* Begin XCConfigurationList section */
		C9CF8A84285384D200CFA29E /* Build configuration list for PBXProject "HW_2.7_PersonsList" */ = {
			isa = XCConfigurationList;
			buildConfigurations = (
				C9CF8A9B285384DA00CFA29E /* Debug */,
				C9CF8A9C285384DA00CFA29E /* Release */,
			);
			defaultConfigurationIsVisible = 0;
			defaultConfigurationName = Release;
		};
		C9CF8A9D285384DA00CFA29E /* Build configuration list for PBXNativeTarget "HW_2.7_PersonsList" */ = {
			isa = XCConfigurationList;
			buildConfigurations = (
				C9CF8A9E285384DA00CFA29E /* Debug */,
				C9CF8A9F285384DA00CFA29E /* Release */,
			);
			defaultConfigurationIsVisible = 0;
			defaultConfigurationName = Release;
		};
/* End XCConfigurationList section */
	};
	rootObject = C9CF8A81285384D200CFA29E /* Project object */;
}
